github.com/buger/jsonparser v0.0.0-20191204142016-1a29609e0929 h1:MW/JDk68Rny52yI0M0N+P8lySNgB+NhpI/uAmhgOhUM=
github.com/buger/jsonparser v0.0.0-20191204142016-1a29609e0929/go.mod h1:tgcrVJ81GPSF0mz+0nu1Xaz0fazGPrmmJfJtxjbHhUQ=
github.com/buger/jsonparser v1.1.1 h1:2PnMjfWD7wBILjqQbt530v576A/cAbQvEW9gGIpYMUs=
github.com/buger/jsonparser v1.1.1/go.mod h1:6RYKKt7H4d4+iWqouImQ9R2FZql3VbhNgx27UK13J/0=
